// !$*UTF8*$!
{
	archiveVersion = 1;
	classes = {
	};
	objectVersion = 46;
	objects = {

/* Begin PBXBuildFile section */
		C01711921C909CC700D650FA /* AppDelegate.swift in Sources */ = {isa = PBXBuildFile; fileRef = C01711911C909CC700D650FA /* AppDelegate.swift */; };
		C01711941C909CC700D650FA /* ViewController.swift in Sources */ = {isa = PBXBuildFile; fileRef = C01711931C909CC700D650FA /* ViewController.swift */; };
		C01711971C909CC700D650FA /* Main.storyboard in Resources */ = {isa = PBXBuildFile; fileRef = C01711951C909CC700D650FA /* Main.storyboard */; };
		C01711991C909CC700D650FA /* Assets.xcassets in Resources */ = {isa = PBXBuildFile; fileRef = C01711981C909CC700D650FA /* Assets.xcassets */; };
		C017119C1C909CC700D650FA /* LaunchScreen.storyboard in Resources */ = {isa = PBXBuildFile; fileRef = C017119A1C909CC700D650FA /* LaunchScreen.storyboard */; };
/* End PBXBuildFile section */

/* Begin PBXFileReference section */
		C017118E1C909CC700D650FA /* EZPay.app */ = {isa = PBXFileReference; explicitFileType = wrapper.application; includeInIndex = 0; path = EZPay.app; sourceTree = BUILT_PRODUCTS_DIR; };
		C01711911C909CC700D650FA /* AppDelegate.swift */ = {isa = PBXFileReference; lastKnownFileType = sourcecode.swift; path = AppDelegate.swift; sourceTree = "<group>"; };
		C01711931C909CC700D650FA /* ViewController.swift */ = {isa = PBXFileReference; lastKnownFileType = sourcecode.swift; path = ViewController.swift; sourceTree = "<group>"; };
		C01711961C909CC700D650FA /* Base */ = {isa = PBXFileReference; lastKnownFileType = file.storyboard; name = Base; path = Base.lproj/Main.storyboard; sourceTree = "<group>"; };
		C01711981C909CC700D650FA /* Assets.xcassets */ = {isa = PBXFileReference; lastKnownFileType = folder.assetcatalog; path = Assets.xcassets; sourceTree = "<group>"; };
		C017119B1C909CC700D650FA /* Base */ = {isa = PBXFileReference; lastKnownFileType = file.storyboard; name = Base; path = Base.lproj/LaunchScreen.storyboard; sourceTree = "<group>"; };
		C017119D1C909CC700D650FA /* Info.plist */ = {isa = PBXFileReference; lastKnownFileType = text.plist.xml; path = Info.plist; sourceTree = "<group>"; };
/* End PBXFileReference section */

/* Begin PBXFrameworksBuildPhase section */
		C017118B1C909CC700D650FA /* Frameworks */ = {
			isa = PBXFrameworksBuildPhase;
			buildActionMask = 2147483647;
			files = (
			);
			runOnlyForDeploymentPostprocessing = 0;
		};
/* End PBXFrameworksBuildPhase section */

/* Begin PBXGroup section */
		C01711851C909CC700D650FA = {
			isa = PBXGroup;
			children = (
				C01711901C909CC700D650FA /* EZPay */,
				C017118F1C909CC700D650FA /* Products */,
			);
			sourceTree = "<group>";
		};
		C017118F1C909CC700D650FA /* Products */ = {
			isa = PBXGroup;
			children = (
				C017118E1C909CC700D650FA /* EZPay.app */,
			);
			name = Products;
			sourceTree = "<group>";
		};
		C01711901C909CC700D650FA /* EZPay */ = {
			isa = PBXGroup;
			children = (
				C01711911C909CC700D650FA /* AppDelegate.swift */,
				C01711931C909CC700D650FA /* ViewController.swift */,
				C01711951C909CC700D650FA /* Main.storyboard */,
				C01711981C909CC700D650FA /* Assets.xcassets */,
				C017119A1C909CC700D650FA /* LaunchScreen.storyboard */,
				C017119D1C909CC700D650FA /* Info.plist */,
			);
			path = EZPay;
			sourceTree = "<group>";
		};
/* End PBXGroup section */

/* Begin PBXNativeTarget section */
		C017118D1C909CC700D650FA /* EZPay */ = {
			isa = PBXNativeTarget;
			buildConfigurationList = C01711A01C909CC700D650FA /* Build configuration list for PBXNativeTarget "EZPay" */;
			buildPhases = (
				C017118A1C909CC700D650FA /* Sources */,
				C017118B1C909CC700D650FA /* Frameworks */,
				C017118C1C909CC700D650FA /* Resources */,
			);
			buildRules = (
			);
			dependencies = (
			);
			name = EZPay;
			productName = EZPay;
			productReference = C017118E1C909CC700D650FA /* EZPay.app */;
			productType = "com.apple.product-type.application";
		};
/* End PBXNativeTarget section */

/* Begin PBXProject section */
		C01711861C909CC700D650FA /* Project object */ = {
			isa = PBXProject;
			attributes = {
				LastSwiftUpdateCheck = 0720;
				LastUpgradeCheck = 0720;
				ORGANIZATIONNAME = VaroonBehramsha;
				TargetAttributes = {
					C017118D1C909CC700D650FA = {
						CreatedOnToolsVersion = 7.2;
					};
				};
			};
			buildConfigurationList = C01711891C909CC700D650FA /* Build configuration list for PBXProject "EZPay" */;
			compatibilityVersion = "Xcode 3.2";
			developmentRegion = English;
			hasScannedForEncodings = 0;
			knownRegions = (
				en,
				Base,
			);
			mainGroup = C01711851C909CC700D650FA;
			productRefGroup = C017118F1C909CC700D650FA /* Products */;
			projectDirPath = "";
			projectRoot = "";
			targets = (
				C017118D1C909CC700D650FA /* EZPay */,
			);
		};
/* End PBXProject section */

/* Begin PBXResourcesBuildPhase section */
		C017118C1C909CC700D650FA /* Resources */ = {
			isa = PBXResourcesBuildPhase;
			buildActionMask = 2147483647;
			files = (
				C017119C1C909CC700D650FA /* LaunchScreen.storyboard in Resources */,
				C01711991C909CC700D650FA /* Assets.xcassets in Resources */,
				C01711971C909CC700D650FA /* Main.storyboard in Resources */,
			);
			runOnlyForDeploymentPostprocessing = 0;
		};
/* End PBXResourcesBuildPhase section */

/* Begin PBXSourcesBuildPhase section */
		C017118A1C909CC700D650FA /* Sources */ = {
			isa = PBXSourcesBuildPhase;
			buildActionMask = 2147483647;
			files = (
				C01711941C909CC700D650FA /* ViewController.swift in Sources */,
				C01711921C909CC700D650FA /* AppDelegate.swift in Sources */,
			);
			runOnlyForDeploymentPostprocessing = 0;
		};
/* End PBXSourcesBuildPhase section */

/* Begin PBXVariantGroup section */
		C01711951C909CC700D650FA /* Main.storyboard */ = {
			isa = PBXVariantGroup;
			children = (
				C01711961C909CC700D650FA /* Base */,
			);
			name = Main.storyboard;
			sourceTree = "<group>";
		};
		C017119A1C909CC700D650FA /* LaunchScreen.storyboard */ = {
			isa = PBXVariantGroup;
			children = (
				C017119B1C909CC700D650FA /* Base */,
			);
			name = LaunchScreen.storyboard;
			sourceTree = "<group>";
		};
/* End PBXVariantGroup section */

/* Begin XCBuildConfiguration section */
		C017119E1C909CC700D650FA /* Debug */ = {
			isa = XCBuildConfiguration;
			buildSettings = {
				ALWAYS_SEARCH_USER_PATHS = NO;
				CLANG_CXX_LANGUAGE_STANDARD = "gnu++0x";
				CLANG_CXX_LIBRARY = "libc++";
				CLANG_ENABLE_MODULES = YES;
				CLANG_ENABLE_OBJC_ARC = YES;
				CLANG_WARN_BOOL_CONVERSION = YES;
				CLANG_WARN_CONSTANT_CONVERSION = YES;
				CLANG_WARN_DIRECT_OBJC_ISA_USAGE = YES_ERROR;
				CLANG_WARN_EMPTY_BODY = YES;
				CLANG_WARN_ENUM_CONVERSION = YES;
				CLANG_WARN_INT_CONVERSION = YES;
				CLANG_WARN_OBJC_ROOT_CLASS = YES_ERROR;
				CLANG_WARN_UNREACHABLE_CODE = YES;
				CLANG_WARN__DUPLICATE_METHOD_MATCH = YES;
				"CODE_SIGN_IDENTITY[sdk=iphoneos*]" = "iPhone Developer";
				COPY_PHASE_STRIP = NO;
				DEBUG_INFORMATION_FORMAT = dwarf;
				ENABLE_STRICT_OBJC_MSGSEND = YES;
				ENABLE_TESTABILITY = YES;
				GCC_C_LANGUAGE_STANDARD = gnu99;
				GCC_DYNAMIC_NO_PIC = NO;
				GCC_NO_COMMON_BLOCKS = YES;
				GCC_OPTIMIZATION_LEVEL = 0;
				GCC_PREPROCESSOR_DEFINITIONS = (
					"DEBUG=1",
					"$(inherited)",
				);
				GCC_WARN_64_TO_32_BIT_CONVERSION = YES;
				GCC_WARN_ABOUT_RETURN_TYPE = YES_ERROR;
				GCC_WARN_UNDECLARED_SELECTOR = YES;
				GCC_WARN_UNINITIALIZED_AUTOS = YES_AGGRESSIVE;
				GCC_WARN_UNUSED_FUNCTION = YES;
				GCC_WARN_UNUSED_VARIABLE = YES;
				IPHONEOS_DEPLOYMENT_TARGET = 9.2;
				MTL_ENABLE_DEBUG_INFO = YES;
				ONLY_ACTIVE_ARCH = YES;
				SDKROOT = iphoneos;
				SWIFT_OPTIMIZATION_LEVEL = "-Onone";
				TARGETED_DEVICE_FAMILY = "1,2";
			};
			name = Debug;
		};
		C017119F1C909CC700D650FA /* Release */ = {
			isa = XCBuildConfiguration;
			buildSettings = {
				ALWAYS_SEARCH_USER_PATHS = NO;
				CLANG_CXX_LANGUAGE_STANDARD = "gnu++0x";
				CLANG_CXX_LIBRARY = "libc++";
				CLANG_ENABLE_MODULES = YES;
				CLANG_ENABLE_OBJC_ARC = YES;
				CLANG_WARN_BOOL_CONVERSION = YES;
				CLANG_WARN_CONSTANT_CONVERSION = YES;
				CLANG_WARN_DIRECT_OBJC_ISA_USAGE = YES_ERROR;
				CLANG_WARN_EMPTY_BODY = YES;
				CLANG_WARN_ENUM_CONVERSION = YES;
				CLANG_WARN_INT_CONVERSION = YES;
				CLANG_WARN_OBJC_ROOT_CLASS = YES_ERROR;
				CLANG_WARN_UNREACHABLE_CODE = YES;
				CLANG_WARN__DUPLICATE_METHOD_MATCH = YES;
				"CODE_SIGN_IDENTITY[sdk=iphoneos*]" = "iPhone Developer";
				COPY_PHASE_STRIP = NO;
				DEBUG_INFORMATION_FORMAT = "dwarf-with-dsym";
				ENABLE_NS_ASSERTIONS = NO;
				ENABLE_STRICT_OBJC_MSGSEND = YES;
				GCC_C_LANGUAGE_STANDARD = gnu99;
				GCC_NO_COMMON_BLOCKS = YES;
				GCC_WARN_64_TO_32_BIT_CONVERSION = YES;
				GCC_WARN_ABOUT_RETURN_TYPE = YES_ERROR;
				GCC_WARN_UNDECLARED_SELECTOR = YES;
				GCC_WARN_UNINITIALIZED_AUTOS = YES_AGGRESSIVE;
				GCC_WARN_UNUSED_FUNCTION = YES;
				GCC_WARN_UNUSED_VARIABLE = YES;
				IPHONEOS_DEPLOYMENT_TARGET = 9.2;
				MTL_ENABLE_DEBUG_INFO = NO;
				SDKROOT = iphoneos;
				TARGETED_DEVICE_FAMILY = "1,2";
				VALIDATE_PRODUCT = YES;
			};
			name = Release;
		};
		C01711A11C909CC700D650FA /* Debug */ = {
			isa = XCBuildConfiguration;
			buildSettings = {
				ASSETCATALOG_COMPILER_APPICON_NAME = AppIcon;
				INFOPLIST_FILE = EZPay/Info.plist;
				LD_RUNPATH_SEARCH_PATHS = "$(inherited) @executable_path/Frameworks";
				PRODUCT_BUNDLE_IDENTIFIER = VB.EZPay;
				PRODUCT_NAME = "$(TARGET_NAME)";
			};
			name = Debug;
		};
		C01711A21C909CC700D650FA /* Release */ = {
			isa = XCBuildConfiguration;
			buildSettings = {
				ASSETCATALOG_COMPILER_APPICON_NAME = AppIcon;
				INFOPLIST_FILE = EZPay/Info.plist;
				LD_RUNPATH_SEARCH_PATHS = "$(inherited) @executable_path/Frameworks";
				PRODUCT_BUNDLE_IDENTIFIER = VB.EZPay;
				PRODUCT_NAME = "$(TARGET_NAME)";
			};
			name = Release;
		};
/* End XCBuildConfiguration section */

/* Begin XCConfigurationList section */
		C01711891C909CC700D650FA /* Build configuration list for PBXProject "EZPay" */ = {
			isa = XCConfigurationList;
			buildConfigurations = (
				C017119E1C909CC700D650FA /* Debug */,
				C017119F1C909CC700D650FA /* Release */,
			);
			defaultConfigurationIsVisible = 0;
			defaultConfigurationName = Release;
		};
		C01711A01C909CC700D650FA /* Build configuration list for PBXNativeTarget "EZPay" */ = {
			isa = XCConfigurationList;
			buildConfigurations = (
				C01711A11C909CC700D650FA /* Debug */,
				C01711A21C909CC700D650FA /* Release */,
			);
			defaultConfigurationIsVisible = 0;
		};
/* End XCConfigurationList section */
	};
	rootObject = C01711861C909CC700D650FA /* Project object */;
}
